
Microsoft Visual Studio Solution File, Format Version 12.00
# Visual Studio Version 17
VisualStudioVersion = 17.7.34221.43
MinimumVisualStudioVersion = 10.0.40219.1
Project("{9A19103F-16F7-4668-BE54-9A1E7A4F7556}") = "RentAPI", "RentAPI.csproj", "{8CCA5158-F01A-4559-BD96-61030B443BE9}"
EndProject
Project("{FAE04EC0-301F-11D3-BF4B-00C04F79EFBC}") = "RentAPI.Tests", "..\RentAPI.Tests\RentAPI.Tests.csproj", "{6279987A-1FF3-4020-BF44-67CDF8D972AA}"
EndProject
Global
	GlobalSection(SolutionConfigurationPlatforms) = preSolution
		Debug|Any CPU = Debug|Any CPU
		Release|Any CPU = Release|Any CPU
	EndGlobalSection
	GlobalSection(ProjectConfigurationPlatforms) = postSolution
		{8CCA5158-F01A-4559-BD96-61030B443BE9}.Debug|Any CPU.ActiveCfg = Debug|Any CPU
		{8CCA5158-F01A-4559-BD96-61030B443BE9}.Debug|Any CPU.Build.0 = Debug|Any CPU
		{8CCA5158-F01A-4559-BD96-61030B443BE9}.Release|Any CPU.ActiveCfg = Release|Any CPU
		{8CCA5158-F01A-4559-BD96-61030B443BE9}.Release|Any CPU.Build.0 = Release|Any CPU
		{6279987A-1FF3-4020-BF44-67CDF8D972AA}.Debug|Any CPU.ActiveCfg = Debug|Any CPU
		{6279987A-1FF3-4020-BF44-67CDF8D972AA}.Debug|Any CPU.Build.0 = Debug|Any CPU
		{6279987A-1FF3-4020-BF44-67CDF8D972AA}.Release|Any CPU.ActiveCfg = Release|Any CPU
		{6279987A-1FF3-4020-BF44-67CDF8D972AA}.Release|Any CPU.Build.0 = Release|Any CPU
	EndGlobalSection
	GlobalSection(SolutionProperties) = preSolution
		HideSolutionNode = FALSE
	EndGlobalSection
	GlobalSection(ExtensibilityGlobals) = postSolution
		SolutionGuid = {DE662D36-5E29-4383-B8B2-6F98D4D955AB}
	EndGlobalSection
EndGlobal
